
Microsoft Visual Studio Solution File, Format Version 12.00
# Visual Studio 15
VisualStudioVersion = 15.0.26430.14
MinimumVisualStudioVersion = 10.0.40219.1
Project("{2150E333-8FDC-42A3-9474-1A3956D46DE8}") = "Core", "Core", "{9E9FD058-38C5-4CB9-901B-A66AF547E802}"
EndProject
Project("{9A19103F-16F7-4668-BE54-9A1E7A4F7556}") = "NoSqlRepositories.Core", "NoSqlRepositories.Core\NoSqlRepositories.Core.csproj", "{49A4AB0F-5E00-46A4-8436-9FAA3C5D87DE}"
EndProject
Project("{2150E333-8FDC-42A3-9474-1A3956D46DE8}") = "Custom repositories", "Custom repositories", "{9BD0BD33-E424-4206-A12D-E9A8A2783867}"
EndProject
Project("{9A19103F-16F7-4668-BE54-9A1E7A4F7556}") = "NoSqlRepositories.JsonFiles", "NoSqlRepositories.JsonFiles.Net\NoSqlRepositories.JsonFiles.csproj", "{A874E81B-5C5C-472C-9ECC-AA5B02840BBC}"
EndProject
Project("{2150E333-8FDC-42A3-9474-1A3956D46DE8}") = "Platforms", "Platforms", "{9582B178-8088-4D93-AB4E-B3AA60D90DB8}"
EndProject
Project("{2150E333-8FDC-42A3-9474-1A3956D46DE8}") = "Test", "Test", "{C66EA697-7C85-4820-9348-D07C25EE1EE5}"
EndProject
Project("{FAE04EC0-301F-11D3-BF4B-00C04F79EFBC}") = "NoSqlRepositories.Tests.Shared", "NoSqlRepositories.Tests.Shared\NoSqlRepositories.Tests.Shared.csproj", "{220B2F71-E18B-4530-8E59-1E3B694A50AE}"
EndProject
Project("{FAE04EC0-301F-11D3-BF4B-00C04F79EFBC}") = "NoSqlRepositories.Tests.JsonFiles", "NoSqlRepositories.Tests.JsonFiles.Net\NoSqlRepositories.Tests.JsonFiles.csproj", "{5B16F816-B454-45E9-A7F1-556C82A64B6B}"
EndProject
Project("{9A19103F-16F7-4668-BE54-9A1E7A4F7556}") = "NoSqlRepositories.MongoDb", "NoSqlRepositories.MongoDb.Net\NoSqlRepositories.MongoDb.csproj", "{9DA9B5C7-5C6B-46F9-8809-2DFB36369CA2}"
EndProject
Project("{FAE04EC0-301F-11D3-BF4B-00C04F79EFBC}") = "NoSqlRepositories.Tests.MongoDb", "NoSqlRepositories.Tests.MongoDb.Net\NoSqlRepositories.Tests.MongoDb.csproj", "{FBF7A598-5F58-479F-AA8E-C53712B98AF0}"
EndProject
Project("{9A19103F-16F7-4668-BE54-9A1E7A4F7556}") = "NoSqlRepositories.CouchBaseLite", "NoSqlRepositories.CouchBaseLite\NoSqlRepositories.CouchBaseLite.csproj", "{752BE308-DCC0-4582-8D73-7B7E003A11EA}"
EndProject
Project("{FAE04EC0-301F-11D3-BF4B-00C04F79EFBC}") = "NoSqlRepositories.Tests.CouchbaseLite", "NoSqlRepositories.Tests.CouchbaseLite\NoSqlRepositories.Tests.CouchbaseLite.csproj", "{BEE9D23D-AFC3-4109-A370-EB04DE1F0BA7}"
EndProject
Global
	GlobalSection(SolutionConfigurationPlatforms) = preSolution
		Debug|Any CPU = Debug|Any CPU
		Release|Any CPU = Release|Any CPU
	EndGlobalSection
	GlobalSection(ProjectConfigurationPlatforms) = postSolution
		{49A4AB0F-5E00-46A4-8436-9FAA3C5D87DE}.Debug|Any CPU.ActiveCfg = Debug|Any CPU
		{49A4AB0F-5E00-46A4-8436-9FAA3C5D87DE}.Debug|Any CPU.Build.0 = Debug|Any CPU
		{49A4AB0F-5E00-46A4-8436-9FAA3C5D87DE}.Release|Any CPU.ActiveCfg = Release|Any CPU
		{49A4AB0F-5E00-46A4-8436-9FAA3C5D87DE}.Release|Any CPU.Build.0 = Release|Any CPU
		{A874E81B-5C5C-472C-9ECC-AA5B02840BBC}.Debug|Any CPU.ActiveCfg = Debug|Any CPU
		{A874E81B-5C5C-472C-9ECC-AA5B02840BBC}.Debug|Any CPU.Build.0 = Debug|Any CPU
		{A874E81B-5C5C-472C-9ECC-AA5B02840BBC}.Release|Any CPU.ActiveCfg = Release|Any CPU
		{A874E81B-5C5C-472C-9ECC-AA5B02840BBC}.Release|Any CPU.Build.0 = Release|Any CPU
		{220B2F71-E18B-4530-8E59-1E3B694A50AE}.Debug|Any CPU.ActiveCfg = Debug|Any CPU
		{220B2F71-E18B-4530-8E59-1E3B694A50AE}.Debug|Any CPU.Build.0 = Debug|Any CPU
		{220B2F71-E18B-4530-8E59-1E3B694A50AE}.Release|Any CPU.ActiveCfg = Release|Any CPU
		{220B2F71-E18B-4530-8E59-1E3B694A50AE}.Release|Any CPU.Build.0 = Release|Any CPU
		{5B16F816-B454-45E9-A7F1-556C82A64B6B}.Debug|Any CPU.ActiveCfg = Debug|Any CPU
		{5B16F816-B454-45E9-A7F1-556C82A64B6B}.Debug|Any CPU.Build.0 = Debug|Any CPU
		{5B16F816-B454-45E9-A7F1-556C82A64B6B}.Release|Any CPU.ActiveCfg = Release|Any CPU
		{5B16F816-B454-45E9-A7F1-556C82A64B6B}.Release|Any CPU.Build.0 = Release|Any CPU
		{9DA9B5C7-5C6B-46F9-8809-2DFB36369CA2}.Debug|Any CPU.ActiveCfg = Debug|Any CPU
		{9DA9B5C7-5C6B-46F9-8809-2DFB36369CA2}.Debug|Any CPU.Build.0 = Debug|Any CPU
		{9DA9B5C7-5C6B-46F9-8809-2DFB36369CA2}.Release|Any CPU.ActiveCfg = Release|Any CPU
		{9DA9B5C7-5C6B-46F9-8809-2DFB36369CA2}.Release|Any CPU.Build.0 = Release|Any CPU
		{FBF7A598-5F58-479F-AA8E-C53712B98AF0}.Debug|Any CPU.ActiveCfg = Debug|Any CPU
		{FBF7A598-5F58-479F-AA8E-C53712B98AF0}.Debug|Any CPU.Build.0 = Debug|Any CPU
		{FBF7A598-5F58-479F-AA8E-C53712B98AF0}.Release|Any CPU.ActiveCfg = Release|Any CPU
		{FBF7A598-5F58-479F-AA8E-C53712B98AF0}.Release|Any CPU.Build.0 = Release|Any CPU
		{752BE308-DCC0-4582-8D73-7B7E003A11EA}.Debug|Any CPU.ActiveCfg = Debug|Any CPU
		{752BE308-DCC0-4582-8D73-7B7E003A11EA}.Debug|Any CPU.Build.0 = Debug|Any CPU
		{752BE308-DCC0-4582-8D73-7B7E003A11EA}.Release|Any CPU.ActiveCfg = Release|Any CPU
		{752BE308-DCC0-4582-8D73-7B7E003A11EA}.Release|Any CPU.Build.0 = Release|Any CPU
		{BEE9D23D-AFC3-4109-A370-EB04DE1F0BA7}.Debug|Any CPU.ActiveCfg = Debug|Any CPU
		{BEE9D23D-AFC3-4109-A370-EB04DE1F0BA7}.Debug|Any CPU.Build.0 = Debug|Any CPU
		{BEE9D23D-AFC3-4109-A370-EB04DE1F0BA7}.Release|Any CPU.ActiveCfg = Release|Any CPU
		{BEE9D23D-AFC3-4109-A370-EB04DE1F0BA7}.Release|Any CPU.Build.0 = Release|Any CPU
	EndGlobalSection
	GlobalSection(SolutionProperties) = preSolution
		HideSolutionNode = FALSE
	EndGlobalSection
	GlobalSection(NestedProjects) = preSolution
		{49A4AB0F-5E00-46A4-8436-9FAA3C5D87DE} = {9E9FD058-38C5-4CB9-901B-A66AF547E802}
		{A874E81B-5C5C-472C-9ECC-AA5B02840BBC} = {9582B178-8088-4D93-AB4E-B3AA60D90DB8}
		{9582B178-8088-4D93-AB4E-B3AA60D90DB8} = {9BD0BD33-E424-4206-A12D-E9A8A2783867}
		{220B2F71-E18B-4530-8E59-1E3B694A50AE} = {C66EA697-7C85-4820-9348-D07C25EE1EE5}
		{5B16F816-B454-45E9-A7F1-556C82A64B6B} = {C66EA697-7C85-4820-9348-D07C25EE1EE5}
		{9DA9B5C7-5C6B-46F9-8809-2DFB36369CA2} = {9582B178-8088-4D93-AB4E-B3AA60D90DB8}
		{FBF7A598-5F58-479F-AA8E-C53712B98AF0} = {C66EA697-7C85-4820-9348-D07C25EE1EE5}
		{752BE308-DCC0-4582-8D73-7B7E003A11EA} = {9582B178-8088-4D93-AB4E-B3AA60D90DB8}
		{BEE9D23D-AFC3-4109-A370-EB04DE1F0BA7} = {C66EA697-7C85-4820-9348-D07C25EE1EE5}
	EndGlobalSection
	GlobalSection(ExtensibilityGlobals) = postSolution
		SolutionGuid = {B9D3F0E7-DAB9-4DD7-98C3-55ADD4015978}
	EndGlobalSection
EndGlobal
