
Microsoft Visual Studio Solution File, Format Version 12.00
# Visual Studio 14
VisualStudioVersion = 14.0.25420.1
MinimumVisualStudioVersion = 10.0.40219.1
Project("{2150E333-8FDC-42A3-9474-1A3956D46DE8}") = "Core", "Core", "{9E9FD058-38C5-4CB9-901B-A66AF547E802}"
EndProject
Project("{FAE04EC0-301F-11D3-BF4B-00C04F79EFBC}") = "NoSqlRepositories.Core", "NoSqlRepositories.Core\NoSqlRepositories.Core.csproj", "{49A4AB0F-5E00-46A4-8436-9FAA3C5D87DE}"
EndProject
Project("{2150E333-8FDC-42A3-9474-1A3956D46DE8}") = "Custom repositories", "Custom repositories", "{9BD0BD33-E424-4206-A12D-E9A8A2783867}"
EndProject
Project("{FAE04EC0-301F-11D3-BF4B-00C04F79EFBC}") = "NoSqlRepositories.JsonFiles.Net", "NoSqlRepositories.JsonFile.Net\NoSqlRepositories.JsonFiles.Net.csproj", "{A874E81B-5C5C-472C-9ECC-AA5B02840BBC}"
EndProject
Project("{FAE04EC0-301F-11D3-BF4B-00C04F79EFBC}") = "NoSqlRepositories.AzureDocumentDb.Net", "NoSqlRepositories.AzureDocumentDb.Net\NoSqlRepositories.AzureDocumentDb.Net.csproj", "{D6795C6C-30CB-4653-91C1-8FC33E3C1A16}"
EndProject
Project("{FAE04EC0-301F-11D3-BF4B-00C04F79EFBC}") = "NoSqlRepositories.MvvX.JsonFiles.Pcl", "NoSqlRepositories.MvvX.JsonFiles.Pcl\NoSqlRepositories.MvvX.JsonFiles.Pcl.csproj", "{E207F5D1-C8DD-420C-A19B-011703A01AD7}"
EndProject
Project("{2150E333-8FDC-42A3-9474-1A3956D46DE8}") = "MvvX", "MvvX", "{D10A7C51-1C5B-43D5-8759-9D4AA593EEDD}"
EndProject
Project("{2150E333-8FDC-42A3-9474-1A3956D46DE8}") = "Platforms", "Platforms", "{9582B178-8088-4D93-AB4E-B3AA60D90DB8}"
EndProject
Project("{FAE04EC0-301F-11D3-BF4B-00C04F79EFBC}") = "NoSqlRepositories.MvvX.CouchBase.Pcl", "NoSqlRepositories.MvvX.CouchBase.Pcl\NoSqlRepositories.MvvX.CouchBase.Pcl.csproj", "{B01E9F47-DAEB-4E66-8335-DEDB515D8028}"
EndProject
Project("{2150E333-8FDC-42A3-9474-1A3956D46DE8}") = "Azure DB", "Azure DB", "{A51B3D29-3320-44CA-A883-497B1699EEC7}"
EndProject
Project("{2150E333-8FDC-42A3-9474-1A3956D46DE8}") = "CouchBase", "CouchBase", "{D94156A9-B6C6-4C3B-BDFE-9B25651403B9}"
EndProject
Project("{2150E333-8FDC-42A3-9474-1A3956D46DE8}") = "Files", "Files", "{E2BBDF06-7019-407B-B57B-4870DA799152}"
EndProject
Project("{2150E333-8FDC-42A3-9474-1A3956D46DE8}") = "Test", "Test", "{C66EA697-7C85-4820-9348-D07C25EE1EE5}"
EndProject
Project("{2150E333-8FDC-42A3-9474-1A3956D46DE8}") = "MvvX", "MvvX", "{36748A49-F1C9-4D52-9AF0-1D347A52A0C7}"
EndProject
Project("{2150E333-8FDC-42A3-9474-1A3956D46DE8}") = "Platforms", "Platforms", "{118944B3-BF23-4D06-A993-FFE2E85833F7}"
EndProject
Project("{FAE04EC0-301F-11D3-BF4B-00C04F79EFBC}") = "NoSqlRepositories.Tests.Shared", "NoSqlRepositories.Tests.Shared\NoSqlRepositories.Tests.Shared.csproj", "{220B2F71-E18B-4530-8E59-1E3B694A50AE}"
EndProject
Project("{FAE04EC0-301F-11D3-BF4B-00C04F79EFBC}") = "NoSqlRepositories.Tests.MvvX", "NoSqlRepositories.Tests.MvvX\NoSqlRepositories.Tests.MvvX.csproj", "{5D46BE13-89F6-4B96-B083-E0D3ADB4E664}"
EndProject
Global
	GlobalSection(SolutionConfigurationPlatforms) = preSolution
		Debug|Any CPU = Debug|Any CPU
		Release|Any CPU = Release|Any CPU
	EndGlobalSection
	GlobalSection(ProjectConfigurationPlatforms) = postSolution
		{49A4AB0F-5E00-46A4-8436-9FAA3C5D87DE}.Debug|Any CPU.ActiveCfg = Debug|Any CPU
		{49A4AB0F-5E00-46A4-8436-9FAA3C5D87DE}.Debug|Any CPU.Build.0 = Debug|Any CPU
		{49A4AB0F-5E00-46A4-8436-9FAA3C5D87DE}.Release|Any CPU.ActiveCfg = Release|Any CPU
		{49A4AB0F-5E00-46A4-8436-9FAA3C5D87DE}.Release|Any CPU.Build.0 = Release|Any CPU
		{A874E81B-5C5C-472C-9ECC-AA5B02840BBC}.Debug|Any CPU.ActiveCfg = Debug|Any CPU
		{A874E81B-5C5C-472C-9ECC-AA5B02840BBC}.Debug|Any CPU.Build.0 = Debug|Any CPU
		{A874E81B-5C5C-472C-9ECC-AA5B02840BBC}.Release|Any CPU.ActiveCfg = Release|Any CPU
		{A874E81B-5C5C-472C-9ECC-AA5B02840BBC}.Release|Any CPU.Build.0 = Release|Any CPU
		{D6795C6C-30CB-4653-91C1-8FC33E3C1A16}.Debug|Any CPU.ActiveCfg = Debug|Any CPU
		{D6795C6C-30CB-4653-91C1-8FC33E3C1A16}.Debug|Any CPU.Build.0 = Debug|Any CPU
		{D6795C6C-30CB-4653-91C1-8FC33E3C1A16}.Release|Any CPU.ActiveCfg = Release|Any CPU
		{D6795C6C-30CB-4653-91C1-8FC33E3C1A16}.Release|Any CPU.Build.0 = Release|Any CPU
		{E207F5D1-C8DD-420C-A19B-011703A01AD7}.Debug|Any CPU.ActiveCfg = Debug|Any CPU
		{E207F5D1-C8DD-420C-A19B-011703A01AD7}.Debug|Any CPU.Build.0 = Debug|Any CPU
		{E207F5D1-C8DD-420C-A19B-011703A01AD7}.Release|Any CPU.ActiveCfg = Release|Any CPU
		{E207F5D1-C8DD-420C-A19B-011703A01AD7}.Release|Any CPU.Build.0 = Release|Any CPU
		{B01E9F47-DAEB-4E66-8335-DEDB515D8028}.Debug|Any CPU.ActiveCfg = Debug|Any CPU
		{B01E9F47-DAEB-4E66-8335-DEDB515D8028}.Debug|Any CPU.Build.0 = Debug|Any CPU
		{B01E9F47-DAEB-4E66-8335-DEDB515D8028}.Release|Any CPU.ActiveCfg = Release|Any CPU
		{B01E9F47-DAEB-4E66-8335-DEDB515D8028}.Release|Any CPU.Build.0 = Release|Any CPU
		{220B2F71-E18B-4530-8E59-1E3B694A50AE}.Debug|Any CPU.ActiveCfg = Debug|Any CPU
		{220B2F71-E18B-4530-8E59-1E3B694A50AE}.Debug|Any CPU.Build.0 = Debug|Any CPU
		{220B2F71-E18B-4530-8E59-1E3B694A50AE}.Release|Any CPU.ActiveCfg = Release|Any CPU
		{220B2F71-E18B-4530-8E59-1E3B694A50AE}.Release|Any CPU.Build.0 = Release|Any CPU
		{5D46BE13-89F6-4B96-B083-E0D3ADB4E664}.Debug|Any CPU.ActiveCfg = Debug|Any CPU
		{5D46BE13-89F6-4B96-B083-E0D3ADB4E664}.Debug|Any CPU.Build.0 = Debug|Any CPU
		{5D46BE13-89F6-4B96-B083-E0D3ADB4E664}.Release|Any CPU.ActiveCfg = Release|Any CPU
		{5D46BE13-89F6-4B96-B083-E0D3ADB4E664}.Release|Any CPU.Build.0 = Release|Any CPU
	EndGlobalSection
	GlobalSection(SolutionProperties) = preSolution
		HideSolutionNode = FALSE
	EndGlobalSection
	GlobalSection(NestedProjects) = preSolution
		{49A4AB0F-5E00-46A4-8436-9FAA3C5D87DE} = {9E9FD058-38C5-4CB9-901B-A66AF547E802}
		{A874E81B-5C5C-472C-9ECC-AA5B02840BBC} = {E2BBDF06-7019-407B-B57B-4870DA799152}
		{D6795C6C-30CB-4653-91C1-8FC33E3C1A16} = {A51B3D29-3320-44CA-A883-497B1699EEC7}
		{E207F5D1-C8DD-420C-A19B-011703A01AD7} = {D10A7C51-1C5B-43D5-8759-9D4AA593EEDD}
		{D10A7C51-1C5B-43D5-8759-9D4AA593EEDD} = {9BD0BD33-E424-4206-A12D-E9A8A2783867}
		{9582B178-8088-4D93-AB4E-B3AA60D90DB8} = {9BD0BD33-E424-4206-A12D-E9A8A2783867}
		{B01E9F47-DAEB-4E66-8335-DEDB515D8028} = {D10A7C51-1C5B-43D5-8759-9D4AA593EEDD}
		{A51B3D29-3320-44CA-A883-497B1699EEC7} = {9582B178-8088-4D93-AB4E-B3AA60D90DB8}
		{D94156A9-B6C6-4C3B-BDFE-9B25651403B9} = {9582B178-8088-4D93-AB4E-B3AA60D90DB8}
		{E2BBDF06-7019-407B-B57B-4870DA799152} = {9582B178-8088-4D93-AB4E-B3AA60D90DB8}
		{36748A49-F1C9-4D52-9AF0-1D347A52A0C7} = {C66EA697-7C85-4820-9348-D07C25EE1EE5}
		{118944B3-BF23-4D06-A993-FFE2E85833F7} = {C66EA697-7C85-4820-9348-D07C25EE1EE5}
		{220B2F71-E18B-4530-8E59-1E3B694A50AE} = {C66EA697-7C85-4820-9348-D07C25EE1EE5}
		{5D46BE13-89F6-4B96-B083-E0D3ADB4E664} = {36748A49-F1C9-4D52-9AF0-1D347A52A0C7}
	EndGlobalSection
EndGlobal
