
Microsoft Visual Studio Solution File, Format Version 12.00
# Visual Studio Version 16
VisualStudioVersion = 16.0.31205.134
MinimumVisualStudioVersion = 10.0.40219.1
Project("{2150E333-8FDC-42A3-9474-1A3956D46DE8}") = "Core", "Core", "{9E9FD058-38C5-4CB9-901B-A66AF547E802}"
EndProject
Project("{9A19103F-16F7-4668-BE54-9A1E7A4F7556}") = "NoSqlRepositories.Core", "NoSqlRepositories.Core\NoSqlRepositories.Core.csproj", "{49A4AB0F-5E00-46A4-8436-9FAA3C5D87DE}"
EndProject
Project("{2150E333-8FDC-42A3-9474-1A3956D46DE8}") = "Custom repositories", "Custom repositories", "{9BD0BD33-E424-4206-A12D-E9A8A2783867}"
EndProject
Project("{9A19103F-16F7-4668-BE54-9A1E7A4F7556}") = "NoSqlRepositories.JsonFiles", "NoSqlRepositories.JsonFiles\NoSqlRepositories.JsonFiles.csproj", "{49A4AB0F-5E22-46A4-8436-9FAA3C5D87DE}"
EndProject
Project("{2150E333-8FDC-42A3-9474-1A3956D46DE8}") = "Platforms", "Platforms", "{9582B178-8088-4D93-AB4E-B3AA60D90DB8}"
EndProject
Project("{2150E333-8FDC-42A3-9474-1A3956D46DE8}") = "Test", "Test", "{C66EA697-7C85-4820-9348-D07C25EE1EE5}"
EndProject
Project("{9A19103F-16F7-4668-BE54-9A1E7A4F7556}") = "NoSqlRepositories.MongoDb", "NoSqlRepositories.MongoDb\NoSqlRepositories.MongoDb.csproj", "{49A4AB0F-5E33-46A4-8436-9FAA3C5D87DE}"
EndProject
Project("{9A19103F-16F7-4668-BE54-9A1E7A4F7556}") = "NoSqlRepositories.CouchBaseLite", "NoSqlRepositories.CouchBaseLite\NoSqlRepositories.CouchBaseLite.csproj", "{49A4AB0F-5E11-46A4-8436-9FAA3C5D87DE}"
EndProject
Project("{9A19103F-16F7-4668-BE54-9A1E7A4F7556}") = "NoSqlRepositories.Jsonfiles.UnitTest", "NoSqlRepositories.JsonfilesUnitTest\NoSqlRepositories.Jsonfiles.UnitTest.csproj", "{49A4AB0F-5E13-46A4-8436-9FAA3C5D87DE}"
EndProject
Project("{9A19103F-16F7-4668-BE54-9A1E7A4F7556}") = "NoSqlRepositories.UnitTest.Shared", "NoSqlRepositories.Tests.Shared\NoSqlRepositories.UnitTest.Shared.csproj", "{49A4AB0F-5E15-46A4-8436-9FAA3C5D87DE}"
EndProject
Project("{9A19103F-16F7-4668-BE54-9A1E7A4F7556}") = "NoSqlRepositories.CouchBaseLite.UnitTest", "NoSqlRepositories.CouchBaseLite.UnitTest\NoSqlRepositories.CouchBaseLite.UnitTest.csproj", "{49A4AB0F-5E12-46A4-8436-9FAA3C5D87DE}"
EndProject
Project("{9A19103F-16F7-4668-BE54-9A1E7A4F7556}") = "NoSqlRepositories.MongoDb.UnitTest", "NoSqlRepositories.MongoDb.UnitTest\NoSqlRepositories.MongoDb.UnitTest.csproj", "{49A4AB0F-5E14-46A4-8436-9FAA3C5D87DE}"
EndProject
Project("{FAE04EC0-301F-11D3-BF4B-00C04F79EFBC}") = "NoSqlRepositories.Shared", "NoSqlRepositories.Shared\NoSqlRepositories.Shared.csproj", "{D8410B90-22CF-4B67-835A-6420EE66E9A6}"
EndProject
Global
	GlobalSection(SolutionConfigurationPlatforms) = preSolution
		Debug|Any CPU = Debug|Any CPU
		Release|Any CPU = Release|Any CPU
	EndGlobalSection
	GlobalSection(ProjectConfigurationPlatforms) = postSolution
		{49A4AB0F-5E00-46A4-8436-9FAA3C5D87DE}.Debug|Any CPU.ActiveCfg = Debug|Any CPU
		{49A4AB0F-5E00-46A4-8436-9FAA3C5D87DE}.Debug|Any CPU.Build.0 = Debug|Any CPU
		{49A4AB0F-5E00-46A4-8436-9FAA3C5D87DE}.Release|Any CPU.ActiveCfg = Release|Any CPU
		{49A4AB0F-5E00-46A4-8436-9FAA3C5D87DE}.Release|Any CPU.Build.0 = Release|Any CPU
		{49A4AB0F-5E22-46A4-8436-9FAA3C5D87DE}.Debug|Any CPU.ActiveCfg = Debug|Any CPU
		{49A4AB0F-5E22-46A4-8436-9FAA3C5D87DE}.Debug|Any CPU.Build.0 = Debug|Any CPU
		{49A4AB0F-5E22-46A4-8436-9FAA3C5D87DE}.Release|Any CPU.ActiveCfg = Release|Any CPU
		{49A4AB0F-5E22-46A4-8436-9FAA3C5D87DE}.Release|Any CPU.Build.0 = Release|Any CPU
		{49A4AB0F-5E33-46A4-8436-9FAA3C5D87DE}.Debug|Any CPU.ActiveCfg = Debug|Any CPU
		{49A4AB0F-5E33-46A4-8436-9FAA3C5D87DE}.Debug|Any CPU.Build.0 = Debug|Any CPU
		{49A4AB0F-5E33-46A4-8436-9FAA3C5D87DE}.Release|Any CPU.ActiveCfg = Release|Any CPU
		{49A4AB0F-5E33-46A4-8436-9FAA3C5D87DE}.Release|Any CPU.Build.0 = Release|Any CPU
		{49A4AB0F-5E11-46A4-8436-9FAA3C5D87DE}.Debug|Any CPU.ActiveCfg = Debug|Any CPU
		{49A4AB0F-5E11-46A4-8436-9FAA3C5D87DE}.Debug|Any CPU.Build.0 = Debug|Any CPU
		{49A4AB0F-5E11-46A4-8436-9FAA3C5D87DE}.Release|Any CPU.ActiveCfg = Release|Any CPU
		{49A4AB0F-5E11-46A4-8436-9FAA3C5D87DE}.Release|Any CPU.Build.0 = Release|Any CPU
		{49A4AB0F-5E13-46A4-8436-9FAA3C5D87DE}.Debug|Any CPU.ActiveCfg = Debug|Any CPU
		{49A4AB0F-5E13-46A4-8436-9FAA3C5D87DE}.Debug|Any CPU.Build.0 = Debug|Any CPU
		{49A4AB0F-5E13-46A4-8436-9FAA3C5D87DE}.Release|Any CPU.ActiveCfg = Release|Any CPU
		{49A4AB0F-5E13-46A4-8436-9FAA3C5D87DE}.Release|Any CPU.Build.0 = Release|Any CPU
		{49A4AB0F-5E15-46A4-8436-9FAA3C5D87DE}.Debug|Any CPU.ActiveCfg = Debug|Any CPU
		{49A4AB0F-5E15-46A4-8436-9FAA3C5D87DE}.Debug|Any CPU.Build.0 = Debug|Any CPU
		{49A4AB0F-5E15-46A4-8436-9FAA3C5D87DE}.Release|Any CPU.ActiveCfg = Release|Any CPU
		{49A4AB0F-5E15-46A4-8436-9FAA3C5D87DE}.Release|Any CPU.Build.0 = Release|Any CPU
		{49A4AB0F-5E12-46A4-8436-9FAA3C5D87DE}.Debug|Any CPU.ActiveCfg = Debug|Any CPU
		{49A4AB0F-5E12-46A4-8436-9FAA3C5D87DE}.Debug|Any CPU.Build.0 = Debug|Any CPU
		{49A4AB0F-5E12-46A4-8436-9FAA3C5D87DE}.Release|Any CPU.ActiveCfg = Release|Any CPU
		{49A4AB0F-5E12-46A4-8436-9FAA3C5D87DE}.Release|Any CPU.Build.0 = Release|Any CPU
		{49A4AB0F-5E14-46A4-8436-9FAA3C5D87DE}.Debug|Any CPU.ActiveCfg = Debug|Any CPU
		{49A4AB0F-5E14-46A4-8436-9FAA3C5D87DE}.Debug|Any CPU.Build.0 = Debug|Any CPU
		{49A4AB0F-5E14-46A4-8436-9FAA3C5D87DE}.Release|Any CPU.ActiveCfg = Release|Any CPU
		{49A4AB0F-5E14-46A4-8436-9FAA3C5D87DE}.Release|Any CPU.Build.0 = Release|Any CPU
		{D8410B90-22CF-4B67-835A-6420EE66E9A6}.Debug|Any CPU.ActiveCfg = Debug|Any CPU
		{D8410B90-22CF-4B67-835A-6420EE66E9A6}.Debug|Any CPU.Build.0 = Debug|Any CPU
		{D8410B90-22CF-4B67-835A-6420EE66E9A6}.Release|Any CPU.ActiveCfg = Release|Any CPU
		{D8410B90-22CF-4B67-835A-6420EE66E9A6}.Release|Any CPU.Build.0 = Release|Any CPU
	EndGlobalSection
	GlobalSection(SolutionProperties) = preSolution
		HideSolutionNode = FALSE
	EndGlobalSection
	GlobalSection(NestedProjects) = preSolution
		{49A4AB0F-5E00-46A4-8436-9FAA3C5D87DE} = {9E9FD058-38C5-4CB9-901B-A66AF547E802}
		{49A4AB0F-5E22-46A4-8436-9FAA3C5D87DE} = {9582B178-8088-4D93-AB4E-B3AA60D90DB8}
		{9582B178-8088-4D93-AB4E-B3AA60D90DB8} = {9BD0BD33-E424-4206-A12D-E9A8A2783867}
		{49A4AB0F-5E33-46A4-8436-9FAA3C5D87DE} = {9582B178-8088-4D93-AB4E-B3AA60D90DB8}
		{49A4AB0F-5E11-46A4-8436-9FAA3C5D87DE} = {9582B178-8088-4D93-AB4E-B3AA60D90DB8}
		{49A4AB0F-5E13-46A4-8436-9FAA3C5D87DE} = {C66EA697-7C85-4820-9348-D07C25EE1EE5}
		{49A4AB0F-5E15-46A4-8436-9FAA3C5D87DE} = {C66EA697-7C85-4820-9348-D07C25EE1EE5}
		{49A4AB0F-5E12-46A4-8436-9FAA3C5D87DE} = {C66EA697-7C85-4820-9348-D07C25EE1EE5}
		{49A4AB0F-5E14-46A4-8436-9FAA3C5D87DE} = {C66EA697-7C85-4820-9348-D07C25EE1EE5}
		{D8410B90-22CF-4B67-835A-6420EE66E9A6} = {9BD0BD33-E424-4206-A12D-E9A8A2783867}
	EndGlobalSection
	GlobalSection(ExtensibilityGlobals) = postSolution
		SolutionGuid = {B9D3F0E7-DAB9-4DD7-98C3-55ADD4015978}
	EndGlobalSection
EndGlobal
